
Microsoft Visual Studio Solution File, Format Version 12.00
# Visual Studio 15
VisualStudioVersion = 15.0.26430.6
MinimumVisualStudioVersion = 10.0.40219.1
Project("{2150E333-8FDC-42A3-9474-1A3956D46DE8}") = "src", "src", "{E0CFF1BA-F7A2-4198-8ADB-FEE8406C24DA}"
EndProject
Project("{2150E333-8FDC-42A3-9474-1A3956D46DE8}") = "Solution Items", "Solution Items", "{81718CE1-B34C-4576-AA8F-0A0BD2F7EBB9}"
EndProject
Project("{9A19103F-16F7-4668-BE54-9A1E7A4F7556}") = "eventstore", "src\eventstore\eventstore.csproj", "{2E4D1481-469C-4623-A168-4776C77D4120}"
EndProject
Project("{9A19103F-16F7-4668-BE54-9A1E7A4F7556}") = "shared", "src\shared\shared.csproj", "{50FAFF47-4899-43B5-8FAE-029A0F772E4F}"
EndProject
Project("{9A19103F-16F7-4668-BE54-9A1E7A4F7556}") = "command", "src\command\command.csproj", "{46808272-B98E-4F48-8EB2-C5483BE0C742}"
EndProject
Project("{9A19103F-16F7-4668-BE54-9A1E7A4F7556}") = "query", "src\query\query.csproj", "{072C8220-379D-4622-A752-D39B1A07AD3B}"
EndProject
Project("{9A19103F-16F7-4668-BE54-9A1E7A4F7556}") = "command.contracts", "src\command.contracts\command.contracts.csproj", "{7998700B-DBC6-4F0F-8661-629ACAC1A846}"
EndProject
Project("{9A19103F-16F7-4668-BE54-9A1E7A4F7556}") = "management", "src\management\management.csproj", "{318850F5-7C27-471D-A7BC-1930FFBA7B11}"
EndProject
Global
	GlobalSection(SolutionConfigurationPlatforms) = preSolution
		Debug|Any CPU = Debug|Any CPU
		Release|Any CPU = Release|Any CPU
	EndGlobalSection
	GlobalSection(ProjectConfigurationPlatforms) = postSolution
		{2E4D1481-469C-4623-A168-4776C77D4120}.Debug|Any CPU.ActiveCfg = Debug|Any CPU
		{2E4D1481-469C-4623-A168-4776C77D4120}.Debug|Any CPU.Build.0 = Debug|Any CPU
		{2E4D1481-469C-4623-A168-4776C77D4120}.Release|Any CPU.ActiveCfg = Release|Any CPU
		{2E4D1481-469C-4623-A168-4776C77D4120}.Release|Any CPU.Build.0 = Release|Any CPU
		{50FAFF47-4899-43B5-8FAE-029A0F772E4F}.Debug|Any CPU.ActiveCfg = Debug|Any CPU
		{50FAFF47-4899-43B5-8FAE-029A0F772E4F}.Debug|Any CPU.Build.0 = Debug|Any CPU
		{50FAFF47-4899-43B5-8FAE-029A0F772E4F}.Release|Any CPU.ActiveCfg = Release|Any CPU
		{50FAFF47-4899-43B5-8FAE-029A0F772E4F}.Release|Any CPU.Build.0 = Release|Any CPU
		{46808272-B98E-4F48-8EB2-C5483BE0C742}.Debug|Any CPU.ActiveCfg = Debug|Any CPU
		{46808272-B98E-4F48-8EB2-C5483BE0C742}.Debug|Any CPU.Build.0 = Debug|Any CPU
		{46808272-B98E-4F48-8EB2-C5483BE0C742}.Release|Any CPU.ActiveCfg = Release|Any CPU
		{46808272-B98E-4F48-8EB2-C5483BE0C742}.Release|Any CPU.Build.0 = Release|Any CPU
		{072C8220-379D-4622-A752-D39B1A07AD3B}.Debug|Any CPU.ActiveCfg = Debug|Any CPU
		{072C8220-379D-4622-A752-D39B1A07AD3B}.Debug|Any CPU.Build.0 = Debug|Any CPU
		{072C8220-379D-4622-A752-D39B1A07AD3B}.Release|Any CPU.ActiveCfg = Release|Any CPU
		{072C8220-379D-4622-A752-D39B1A07AD3B}.Release|Any CPU.Build.0 = Release|Any CPU
		{7998700B-DBC6-4F0F-8661-629ACAC1A846}.Debug|Any CPU.ActiveCfg = Debug|Any CPU
		{7998700B-DBC6-4F0F-8661-629ACAC1A846}.Debug|Any CPU.Build.0 = Debug|Any CPU
		{7998700B-DBC6-4F0F-8661-629ACAC1A846}.Release|Any CPU.ActiveCfg = Release|Any CPU
		{7998700B-DBC6-4F0F-8661-629ACAC1A846}.Release|Any CPU.Build.0 = Release|Any CPU
		{318850F5-7C27-471D-A7BC-1930FFBA7B11}.Debug|Any CPU.ActiveCfg = Debug|Any CPU
		{318850F5-7C27-471D-A7BC-1930FFBA7B11}.Debug|Any CPU.Build.0 = Debug|Any CPU
		{318850F5-7C27-471D-A7BC-1930FFBA7B11}.Release|Any CPU.ActiveCfg = Release|Any CPU
		{318850F5-7C27-471D-A7BC-1930FFBA7B11}.Release|Any CPU.Build.0 = Release|Any CPU
	EndGlobalSection
	GlobalSection(SolutionProperties) = preSolution
		HideSolutionNode = FALSE
	EndGlobalSection
	GlobalSection(NestedProjects) = preSolution
		{2E4D1481-469C-4623-A168-4776C77D4120} = {E0CFF1BA-F7A2-4198-8ADB-FEE8406C24DA}
		{50FAFF47-4899-43B5-8FAE-029A0F772E4F} = {E0CFF1BA-F7A2-4198-8ADB-FEE8406C24DA}
		{46808272-B98E-4F48-8EB2-C5483BE0C742} = {E0CFF1BA-F7A2-4198-8ADB-FEE8406C24DA}
		{072C8220-379D-4622-A752-D39B1A07AD3B} = {E0CFF1BA-F7A2-4198-8ADB-FEE8406C24DA}
		{7998700B-DBC6-4F0F-8661-629ACAC1A846} = {E0CFF1BA-F7A2-4198-8ADB-FEE8406C24DA}
		{318850F5-7C27-471D-A7BC-1930FFBA7B11} = {E0CFF1BA-F7A2-4198-8ADB-FEE8406C24DA}
	EndGlobalSection
EndGlobal
