
Microsoft Visual Studio Solution File, Format Version 12.00
# Visual Studio 14
VisualStudioVersion = 14.0.25420.1
MinimumVisualStudioVersion = 10.0.40219.1
Project("{2150E333-8FDC-42A3-9474-1A3956D46DE8}") = "src", "src", "{E0CFF1BA-F7A2-4198-8ADB-FEE8406C24DA}"
EndProject
Project("{2150E333-8FDC-42A3-9474-1A3956D46DE8}") = "Solution Items", "Solution Items", "{81718CE1-B34C-4576-AA8F-0A0BD2F7EBB9}"
	ProjectSection(SolutionItems) = preProject
		global.json = global.json
	EndProjectSection
EndProject
Project("{8BB2217D-0F2D-49D1-97BC-3654ED321F3B}") = "infra", "src\infra\infra.xproj", "{2E4D1481-469C-4623-A168-4776C77D4120}"
EndProject
Project("{8BB2217D-0F2D-49D1-97BC-3654ED321F3B}") = "shared", "src\shared\shared.xproj", "{50FAFF47-4899-43B5-8FAE-029A0F772E4F}"
EndProject
Project("{8BB2217D-0F2D-49D1-97BC-3654ED321F3B}") = "core", "src\core\core.xproj", "{46808272-B98E-4F48-8EB2-C5483BE0C742}"
EndProject
Project("{8BB2217D-0F2D-49D1-97BC-3654ED321F3B}") = "host", "src\host\host.xproj", "{741DF7BC-534D-4619-8AF3-226C81589958}"
EndProject
Project("{8BB2217D-0F2D-49D1-97BC-3654ED321F3B}") = "subscriber", "src\subscriber\subscriber.xproj", "{072C8220-379D-4622-A752-D39B1A07AD3B}"
EndProject
Project("{8BB2217D-0F2D-49D1-97BC-3654ED321F3B}") = "tests", "src\tests\tests.xproj", "{CCEBC213-E769-4839-94FD-494042C16D88}"
EndProject
Project("{8BB2217D-0F2D-49D1-97BC-3654ED321F3B}") = "appservices", "src\appservices\appservices.xproj", "{8490C552-BD30-4236-8FE4-D5FC2D36DB44}"
EndProject
Project("{8BB2217D-0F2D-49D1-97BC-3654ED321F3B}") = "contracts", "src\contracts\contracts.xproj", "{7998700B-DBC6-4F0F-8661-629ACAC1A846}"
EndProject
Project("{8BB2217D-0F2D-49D1-97BC-3654ED321F3B}") = "registry", "src\registry\registry.xproj", "{295DA4DE-5E12-4DE6-BC0C-7915397670A1}"
EndProject
Project("{8BB2217D-0F2D-49D1-97BC-3654ED321F3B}") = "subscriber.contracts", "src\subscriber.contracts\subscriber.contracts.xproj", "{F3712B60-3EF2-41D1-BFD9-B5EB2FE60F9B}"
EndProject
Global
	GlobalSection(SolutionConfigurationPlatforms) = preSolution
		Debug|Any CPU = Debug|Any CPU
		Release|Any CPU = Release|Any CPU
	EndGlobalSection
	GlobalSection(ProjectConfigurationPlatforms) = postSolution
		{2E4D1481-469C-4623-A168-4776C77D4120}.Debug|Any CPU.ActiveCfg = Debug|Any CPU
		{2E4D1481-469C-4623-A168-4776C77D4120}.Debug|Any CPU.Build.0 = Debug|Any CPU
		{2E4D1481-469C-4623-A168-4776C77D4120}.Release|Any CPU.ActiveCfg = Release|Any CPU
		{2E4D1481-469C-4623-A168-4776C77D4120}.Release|Any CPU.Build.0 = Release|Any CPU
		{50FAFF47-4899-43B5-8FAE-029A0F772E4F}.Debug|Any CPU.ActiveCfg = Debug|Any CPU
		{50FAFF47-4899-43B5-8FAE-029A0F772E4F}.Debug|Any CPU.Build.0 = Debug|Any CPU
		{50FAFF47-4899-43B5-8FAE-029A0F772E4F}.Release|Any CPU.ActiveCfg = Release|Any CPU
		{50FAFF47-4899-43B5-8FAE-029A0F772E4F}.Release|Any CPU.Build.0 = Release|Any CPU
		{46808272-B98E-4F48-8EB2-C5483BE0C742}.Debug|Any CPU.ActiveCfg = Debug|Any CPU
		{46808272-B98E-4F48-8EB2-C5483BE0C742}.Debug|Any CPU.Build.0 = Debug|Any CPU
		{46808272-B98E-4F48-8EB2-C5483BE0C742}.Release|Any CPU.ActiveCfg = Release|Any CPU
		{46808272-B98E-4F48-8EB2-C5483BE0C742}.Release|Any CPU.Build.0 = Release|Any CPU
		{741DF7BC-534D-4619-8AF3-226C81589958}.Debug|Any CPU.ActiveCfg = Debug|Any CPU
		{741DF7BC-534D-4619-8AF3-226C81589958}.Debug|Any CPU.Build.0 = Debug|Any CPU
		{741DF7BC-534D-4619-8AF3-226C81589958}.Release|Any CPU.ActiveCfg = Release|Any CPU
		{741DF7BC-534D-4619-8AF3-226C81589958}.Release|Any CPU.Build.0 = Release|Any CPU
		{072C8220-379D-4622-A752-D39B1A07AD3B}.Debug|Any CPU.ActiveCfg = Debug|Any CPU
		{072C8220-379D-4622-A752-D39B1A07AD3B}.Debug|Any CPU.Build.0 = Debug|Any CPU
		{072C8220-379D-4622-A752-D39B1A07AD3B}.Release|Any CPU.ActiveCfg = Release|Any CPU
		{072C8220-379D-4622-A752-D39B1A07AD3B}.Release|Any CPU.Build.0 = Release|Any CPU
		{CCEBC213-E769-4839-94FD-494042C16D88}.Debug|Any CPU.ActiveCfg = Debug|Any CPU
		{CCEBC213-E769-4839-94FD-494042C16D88}.Debug|Any CPU.Build.0 = Debug|Any CPU
		{CCEBC213-E769-4839-94FD-494042C16D88}.Release|Any CPU.ActiveCfg = Release|Any CPU
		{CCEBC213-E769-4839-94FD-494042C16D88}.Release|Any CPU.Build.0 = Release|Any CPU
		{8490C552-BD30-4236-8FE4-D5FC2D36DB44}.Debug|Any CPU.ActiveCfg = Debug|Any CPU
		{8490C552-BD30-4236-8FE4-D5FC2D36DB44}.Debug|Any CPU.Build.0 = Debug|Any CPU
		{8490C552-BD30-4236-8FE4-D5FC2D36DB44}.Release|Any CPU.ActiveCfg = Release|Any CPU
		{8490C552-BD30-4236-8FE4-D5FC2D36DB44}.Release|Any CPU.Build.0 = Release|Any CPU
		{7998700B-DBC6-4F0F-8661-629ACAC1A846}.Debug|Any CPU.ActiveCfg = Debug|Any CPU
		{7998700B-DBC6-4F0F-8661-629ACAC1A846}.Debug|Any CPU.Build.0 = Debug|Any CPU
		{7998700B-DBC6-4F0F-8661-629ACAC1A846}.Release|Any CPU.ActiveCfg = Release|Any CPU
		{7998700B-DBC6-4F0F-8661-629ACAC1A846}.Release|Any CPU.Build.0 = Release|Any CPU
		{295DA4DE-5E12-4DE6-BC0C-7915397670A1}.Debug|Any CPU.ActiveCfg = Debug|Any CPU
		{295DA4DE-5E12-4DE6-BC0C-7915397670A1}.Debug|Any CPU.Build.0 = Debug|Any CPU
		{295DA4DE-5E12-4DE6-BC0C-7915397670A1}.Release|Any CPU.ActiveCfg = Release|Any CPU
		{295DA4DE-5E12-4DE6-BC0C-7915397670A1}.Release|Any CPU.Build.0 = Release|Any CPU
		{F3712B60-3EF2-41D1-BFD9-B5EB2FE60F9B}.Debug|Any CPU.ActiveCfg = Debug|Any CPU
		{F3712B60-3EF2-41D1-BFD9-B5EB2FE60F9B}.Debug|Any CPU.Build.0 = Debug|Any CPU
		{F3712B60-3EF2-41D1-BFD9-B5EB2FE60F9B}.Release|Any CPU.ActiveCfg = Release|Any CPU
		{F3712B60-3EF2-41D1-BFD9-B5EB2FE60F9B}.Release|Any CPU.Build.0 = Release|Any CPU
	EndGlobalSection
	GlobalSection(SolutionProperties) = preSolution
		HideSolutionNode = FALSE
	EndGlobalSection
	GlobalSection(NestedProjects) = preSolution
		{2E4D1481-469C-4623-A168-4776C77D4120} = {E0CFF1BA-F7A2-4198-8ADB-FEE8406C24DA}
		{50FAFF47-4899-43B5-8FAE-029A0F772E4F} = {E0CFF1BA-F7A2-4198-8ADB-FEE8406C24DA}
		{46808272-B98E-4F48-8EB2-C5483BE0C742} = {E0CFF1BA-F7A2-4198-8ADB-FEE8406C24DA}
		{741DF7BC-534D-4619-8AF3-226C81589958} = {E0CFF1BA-F7A2-4198-8ADB-FEE8406C24DA}
		{072C8220-379D-4622-A752-D39B1A07AD3B} = {E0CFF1BA-F7A2-4198-8ADB-FEE8406C24DA}
		{CCEBC213-E769-4839-94FD-494042C16D88} = {E0CFF1BA-F7A2-4198-8ADB-FEE8406C24DA}
		{8490C552-BD30-4236-8FE4-D5FC2D36DB44} = {E0CFF1BA-F7A2-4198-8ADB-FEE8406C24DA}
		{7998700B-DBC6-4F0F-8661-629ACAC1A846} = {E0CFF1BA-F7A2-4198-8ADB-FEE8406C24DA}
		{295DA4DE-5E12-4DE6-BC0C-7915397670A1} = {E0CFF1BA-F7A2-4198-8ADB-FEE8406C24DA}
		{F3712B60-3EF2-41D1-BFD9-B5EB2FE60F9B} = {E0CFF1BA-F7A2-4198-8ADB-FEE8406C24DA}
	EndGlobalSection
EndGlobal
